PODS:
  - APAddressBook (0.1.10):
    - APAddressBook/Core (= 0.1.10)
  - APAddressBook/Core (0.1.10)
  - PinYin4Objc (1.1.1)
  - RMUniversalAlert (0.7):
    - RMUniversalAlert/Core (= 0.7)
  - RMUniversalAlert/Core (0.7):
    - UIActionSheet+Blocks (>= 0.9)
    - UIAlertController+Blocks (>= 0.9)
    - UIAlertView+Blocks (>= 0.9)
  - UIActionSheet+Blocks (0.9)
  - UIAlertController+Blocks (0.9)
  - UIAlertView+Blocks (0.9)

DEPENDENCIES:
  - APAddressBook
  - PinYin4Objc
  - RMUniversalAlert

SPEC CHECKSUMS:
  APAddressBook: fc2356452e1319ddfcee504034038984397c7d9f
  PinYin4Objc: 3fa9673610368330e2dfb688b1d19a35c3930a78
  RMUniversalAlert: bce2ca406c24065b76665725c83e48006e8f65f8
  UIActionSheet+Blocks: e180b7dad0a721ab7f212ac9742af799008bb358
  UIAlertController+Blocks: b48c673ff60726da468b32ab21bbc7683512d45b
  UIAlertView+Blocks: a46c99c5144f6c5dbc7d62fd2a0678daceec89a3

COCOAPODS: 0.37.2
